
Microsoft Visual Studio Solution File, Format Version 12.00
# Visual Studio Version 16
VisualStudioVersion = 16.0.30413.136
MinimumVisualStudioVersion = 10.0.40219.1
Project("{FAE04EC0-301F-11D3-BF4B-00C04F79EFBC}") = "Opakovani13.9", "Opakovani13.9\Opakovani13.9.csproj", "{256D7B04-1DB8-415C-8AE4-B4F384FEB121}"
EndProject
Global
	GlobalSection(SolutionConfigurationPlatforms) = preSolution
		Debug|Any CPU = Debug|Any CPU
		Release|Any CPU = Release|Any CPU
	EndGlobalSection
	GlobalSection(ProjectConfigurationPlatforms) = postSolution
		{256D7B04-1DB8-415C-8AE4-B4F384FEB121}.Debug|Any CPU.ActiveCfg = Debug|Any CPU
		{256D7B04-1DB8-415C-8AE4-B4F384FEB121}.Debug|Any CPU.Build.0 = Debug|Any CPU
		{256D7B04-1DB8-415C-8AE4-B4F384FEB121}.Release|Any CPU.ActiveCfg = Release|Any CPU
		{256D7B04-1DB8-415C-8AE4-B4F384FEB121}.Release|Any CPU.Build.0 = Release|Any CPU
	EndGlobalSection
	GlobalSection(SolutionProperties) = preSolution
		HideSolutionNode = FALSE
	EndGlobalSection
	GlobalSection(ExtensibilityGlobals) = postSolution
		SolutionGuid = {7454F5F9-E09B-4D2A-B77A-05AFA7E7FC3E}
	EndGlobalSection
EndGlobal
